
Microsoft Visual Studio Solution File, Format Version 12.00
# Visual Studio Version 17
VisualStudioVersion = 17.8.34511.84
MinimumVisualStudioVersion = 10.0.40219.1
Project("{FAE04EC0-301F-11D3-BF4B-00C04F79EFBC}") = "DogsHouseService", "DogsHouseService.csproj", "{CC9DF638-EABB-4F2B-89BD-F40302F9AD88}"
EndProject
Project("{FAE04EC0-301F-11D3-BF4B-00C04F79EFBC}") = "DogsHouseService.Tests", "..\DogsHouseService.Tests\DogsHouseService.Tests.csproj", "{6726E403-66CB-40F7-97DD-317E4F3E9A40}"
EndProject
Global
	GlobalSection(SolutionConfigurationPlatforms) = preSolution
		Debug|Any CPU = Debug|Any CPU
		Release|Any CPU = Release|Any CPU
	EndGlobalSection
	GlobalSection(ProjectConfigurationPlatforms) = postSolution
		{CC9DF638-EABB-4F2B-89BD-F40302F9AD88}.Debug|Any CPU.ActiveCfg = Debug|Any CPU
		{CC9DF638-EABB-4F2B-89BD-F40302F9AD88}.Debug|Any CPU.Build.0 = Debug|Any CPU
		{CC9DF638-EABB-4F2B-89BD-F40302F9AD88}.Release|Any CPU.ActiveCfg = Release|Any CPU
		{CC9DF638-EABB-4F2B-89BD-F40302F9AD88}.Release|Any CPU.Build.0 = Release|Any CPU
		{6726E403-66CB-40F7-97DD-317E4F3E9A40}.Debug|Any CPU.ActiveCfg = Debug|Any CPU
		{6726E403-66CB-40F7-97DD-317E4F3E9A40}.Debug|Any CPU.Build.0 = Debug|Any CPU
		{6726E403-66CB-40F7-97DD-317E4F3E9A40}.Release|Any CPU.ActiveCfg = Release|Any CPU
		{6726E403-66CB-40F7-97DD-317E4F3E9A40}.Release|Any CPU.Build.0 = Release|Any CPU
	EndGlobalSection
	GlobalSection(SolutionProperties) = preSolution
		HideSolutionNode = FALSE
	EndGlobalSection
	GlobalSection(ExtensibilityGlobals) = postSolution
		SolutionGuid = {375A42BF-04FE-4231-A0C3-8E34BE27AF4C}
	EndGlobalSection
EndGlobal
